{
  "version": 4,
  "terraform_version": "1.12.2",
  "serial": 9,
  "lineage": "15b8c59a-12f5-0587-3bb8-ee1be9b44a58",
  "outputs": {
    "azurerm_linux_web_app_azurelwa_url": {
      "value": "watchlistapp-1298.azurewebsites.net",
      "type": "string"
    }
  },
  "resources": [
    {
      "mode": "managed",
      "type": "azurerm_app_service_source_control",
      "name": "github",
      "provider": "provider[\"registry.terraform.io/hashicorp/azurerm\"]",
      "instances": [
        {
          "schema_version": 0,
          "attributes": {
            "app_id": "/subscriptions/092a8a8e-cac9-46cb-9f98-fdcdab2d54e3/resourceGroups/watchlist-1298/providers/Microsoft.Web/sites/watchlistapp-1298",
            "branch": "main",
            "github_action_configuration": [],
            "id": "/subscriptions/092a8a8e-cac9-46cb-9f98-fdcdab2d54e3/resourceGroups/watchlist-1298/providers/Microsoft.Web/sites/watchlistapp-1298",
            "repo_url": "https://github.com/kristindyulgeryan/Terraform-WatchListApp",
            "rollback_enabled": false,
            "scm_type": "ExternalGit",
            "timeouts": null,
            "use_local_git": false,
            "use_manual_integration": true,
            "use_mercurial": false,
            "uses_github_action": false
          },
          "sensitive_attributes": [],
          "identity_schema_version": 0,
          "private": "eyJlMmJmYjczMC1lY2FhLTExZTYtOGY4OC0zNDM2M2JjN2M0YzAiOnsiY3JlYXRlIjoxODAwMDAwMDAwMDAwLCJkZWxldGUiOjE4MDAwMDAwMDAwMDAsInJlYWQiOjMwMDAwMDAwMDAwMH19",
          "dependencies": [
            "azurerm_linux_web_app.azurelwa",
            "azurerm_mssql_database.azuremd",
            "azurerm_mssql_server.azurems",
            "azurerm_resource_group.azurerg",
            "azurerm_service_plan.azuresp",
            "random_integer.ri"
          ]
        }
      ]
    },
    {
      "mode": "managed",
      "type": "azurerm_linux_web_app",
      "name": "azurelwa",
      "provider": "provider[\"registry.terraform.io/hashicorp/azurerm\"]",
      "instances": [
        {
          "schema_version": 1,
          "attributes": {
            "app_settings": null,
            "auth_settings": [],
            "auth_settings_v2": [],
            "backup": [],
            "client_affinity_enabled": false,
            "client_certificate_enabled": false,
            "client_certificate_exclusion_paths": "",
            "client_certificate_mode": "Required",
            "connection_string": [
              {
                "name": "DefaultConnection",
                "type": "SQLServer",
                "value": "Server=tcp:watchlistserver-1298.database.windows.net,1433;Initial Catalog=watchlistdatabase-1298;User ID=4dm1n157r470r;Password=4-v3ry-53cr37-p455w0rd;Encrypt=True;TrustServerCertificate=False;MultipleActiveResultSets=True;"
              }
            ],
            "custom_domain_verification_id": "4FFF1D2A6341DFEF0A18842000CC21F9A17613150DE3C06C561DE111F3054D76",
            "default_hostname": "watchlistapp-1298.azurewebsites.net",
            "enabled": true,
            "ftp_publish_basic_authentication_enabled": true,
            "hosting_environment_id": "",
            "https_only": false,
            "id": "/subscriptions/092a8a8e-cac9-46cb-9f98-fdcdab2d54e3/resourceGroups/watchlist-1298/providers/Microsoft.Web/sites/watchlistapp-1298",
            "identity": [],
            "key_vault_reference_identity_id": "SystemAssigned",
            "kind": "app,linux",
            "location": "norwayeast",
            "logs": [],
            "name": "watchlistapp-1298",
            "outbound_ip_address_list": [
              "20.100.38.31",
              "20.100.38.48",
              "20.100.38.90",
              "20.100.38.131",
              "20.100.38.209",
              "20.100.38.218",
              "20.100.136.167",
              "20.100.140.7",
              "20.100.136.2",
              "20.100.140.30",
              "20.100.140.59",
              "20.100.140.116",
              "20.100.3.4"
            ],
            "outbound_ip_addresses": "20.100.38.31,20.100.38.48,20.100.38.90,20.100.38.131,20.100.38.209,20.100.38.218,20.100.136.167,20.100.140.7,20.100.136.2,20.100.140.30,20.100.140.59,20.100.140.116,20.100.3.4",
            "possible_outbound_ip_address_list": [
              "20.100.38.31",
              "20.100.38.48",
              "20.100.38.90",
              "20.100.38.131",
              "20.100.38.209",
              "20.100.38.218",
              "20.100.136.167",
              "20.100.140.7",
              "20.100.136.2",
              "20.100.140.30",
              "20.100.140.59",
              "20.100.140.116",
              "20.100.136.115",
              "20.100.140.140",
              "20.100.140.143",
              "51.13.20.130",
              "20.100.140.164",
              "20.100.140.205",
              "20.100.36.170",
              "20.100.37.50",
              "20.100.37.91",
              "20.100.37.152",
              "20.100.37.194",
              "20.100.38.12",
              "20.100.38.238",
              "20.100.39.0",
              "20.100.39.5",
              "20.100.39.55",
              "20.100.39.109",
              "20.100.39.131",
              "20.100.3.4"
            ],
            "possible_outbound_ip_addresses": "20.100.38.31,20.100.38.48,20.100.38.90,20.100.38.131,20.100.38.209,20.100.38.218,20.100.136.167,20.100.140.7,20.100.136.2,20.100.140.30,20.100.140.59,20.100.140.116,20.100.136.115,20.100.140.140,20.100.140.143,51.13.20.130,20.100.140.164,20.100.140.205,20.100.36.170,20.100.37.50,20.100.37.91,20.100.37.152,20.100.37.194,20.100.38.12,20.100.38.238,20.100.39.0,20.100.39.5,20.100.39.55,20.100.39.109,20.100.39.131,20.100.3.4",
            "public_network_access_enabled": true,
            "resource_group_name": "watchlist-1298",
            "service_plan_id": "/subscriptions/092a8a8e-cac9-46cb-9f98-fdcdab2d54e3/resourceGroups/watchlist-1298/providers/Microsoft.Web/serverFarms/watchlistplan-student1",
            "site_config": [
              {
                "always_on": false,
                "api_definition_url": "",
                "api_management_api_id": "",
                "app_command_line": "",
                "application_stack": [
                  {
                    "docker_image_name": "",
                    "docker_registry_password": "",
                    "docker_registry_url": "",
                    "docker_registry_username": "",
                    "dotnet_version": "6.0",
                    "go_version": "",
                    "java_server": "",
                    "java_server_version": "",
                    "java_version": "",
                    "node_version": "",
                    "php_version": "",
                    "python_version": "",
                    "ruby_version": ""
                  }
                ],
                "auto_heal_setting": [],
                "container_registry_managed_identity_client_id": "",
                "container_registry_use_managed_identity": false,
                "cors": [],
                "default_documents": [
                  "Default.htm",
                  "Default.html",
                  "Default.asp",
                  "index.htm",
                  "index.html",
                  "iisstart.htm",
                  "default.aspx",
                  "index.php",
                  "hostingstart.html"
                ],
                "detailed_error_logging_enabled": false,
                "ftps_state": "Disabled",
                "health_check_eviction_time_in_min": 0,
                "health_check_path": "",
                "http2_enabled": false,
                "ip_restriction": [],
                "ip_restriction_default_action": "Allow",
                "linux_fx_version": "DOTNETCORE|6.0",
                "load_balancing_mode": "LeastRequests",
                "local_mysql_enabled": false,
                "managed_pipeline_mode": "Integrated",
                "minimum_tls_version": "1.2",
                "remote_debugging_enabled": false,
                "remote_debugging_version": "VS2022",
                "scm_ip_restriction": [],
                "scm_ip_restriction_default_action": "Allow",
                "scm_minimum_tls_version": "1.2",
                "scm_type": "None",
                "scm_use_main_ip_restriction": false,
                "use_32_bit_worker": true,
                "vnet_route_all_enabled": false,
                "websockets_enabled": false,
                "worker_count": 1
              }
            ],
            "site_credential": [
              {
                "name": "$watchlistapp-1298",
                "password": "vlWHpqg5dikZSnqQqEPxzuMmLtwFwCbKwDN2rRwRG3mhqEuQa53ZqjTfPBE8"
              }
            ],
            "sticky_settings": [],
            "storage_account": [],
            "tags": null,
            "timeouts": null,
            "virtual_network_backup_restore_enabled": false,
            "virtual_network_subnet_id": "",
            "vnet_image_pull_enabled": false,
            "webdeploy_publish_basic_authentication_enabled": true,
            "zip_deploy_file": ""
          },
          "sensitive_attributes": [
            [
              {
                "type": "get_attr",
                "value": "connection_string"
              }
            ],
            [
              {
                "type": "get_attr",
                "value": "custom_domain_verification_id"
              }
            ],
            [
              {
                "type": "get_attr",
                "value": "site_config"
              },
              {
                "type": "index",
                "value": {
                  "value": 0,
                  "type": "number"
                }
              },
              {
                "type": "get_attr",
                "value": "application_stack"
              },
              {
                "type": "index",
                "value": {
                  "value": 0,
                  "type": "number"
                }
              },
              {
                "type": "get_attr",
                "value": "docker_registry_password"
              }
            ],
            [
              {
                "type": "get_attr",
                "value": "site_credential"
              }
            ]
          ],
          "identity_schema_version": 0,
          "private": "eyJlMmJmYjczMC1lY2FhLTExZTYtOGY4OC0zNDM2M2JjN2M0YzAiOnsiY3JlYXRlIjoxODAwMDAwMDAwMDAwLCJkZWxldGUiOjE4MDAwMDAwMDAwMDAsInJlYWQiOjMwMDAwMDAwMDAwMCwidXBkYXRlIjoxODAwMDAwMDAwMDAwfSwic2NoZW1hX3ZlcnNpb24iOiIxIn0=",
          "dependencies": [
            "azurerm_mssql_database.azuremd",
            "azurerm_mssql_server.azurems",
            "azurerm_resource_group.azurerg",
            "azurerm_service_plan.azuresp",
            "random_integer.ri"
          ]
        }
      ]
    },
    {
      "mode": "managed",
      "type": "azurerm_mssql_database",
      "name": "azuremd",
      "provider": "provider[\"registry.terraform.io/hashicorp/azurerm\"]",
      "instances": [
        {
          "schema_version": 1,
          "attributes": {
            "auto_pause_delay_in_minutes": 0,
            "collation": "SQL_Latin1_General_CP1_CI_AS",
            "create_mode": "Default",
            "creation_source_database_id": null,
            "elastic_pool_id": "",
            "enclave_type": "",
            "geo_backup_enabled": true,
            "id": "/subscriptions/092a8a8e-cac9-46cb-9f98-fdcdab2d54e3/resourceGroups/watchlist-1298/providers/Microsoft.Sql/servers/watchlistserver-1298/databases/watchlistdatabase-1298",
            "identity": [],
            "import": [],
            "ledger_enabled": false,
            "license_type": "LicenseIncluded",
            "long_term_retention_policy": [
              {
                "immutable_backups_enabled": false,
                "monthly_retention": "PT0S",
                "week_of_year": 1,
                "weekly_retention": "PT0S",
                "yearly_retention": "PT0S"
              }
            ],
            "maintenance_configuration_name": "SQL_Default",
            "max_size_gb": 2,
            "min_capacity": 0,
            "name": "watchlistdatabase-1298",
            "read_replica_count": 0,
            "read_scale": false,
            "recover_database_id": null,
            "recovery_point_id": null,
            "restore_dropped_database_id": null,
            "restore_long_term_retention_backup_id": null,
            "restore_point_in_time": null,
            "sample_name": null,
            "secondary_type": "",
            "server_id": "/subscriptions/092a8a8e-cac9-46cb-9f98-fdcdab2d54e3/resourceGroups/watchlist-1298/providers/Microsoft.Sql/servers/watchlistserver-1298",
            "short_term_retention_policy": [
              {
                "backup_interval_in_hours": 24,
                "retention_days": 7
              }
            ],
            "sku_name": "S0",
            "storage_account_type": "Geo",
            "tags": null,
            "threat_detection_policy": [
              {
                "disabled_alerts": [],
                "email_account_admins": "Disabled",
                "email_addresses": [],
                "retention_days": 0,
                "state": "Disabled",
                "storage_account_access_key": "",
                "storage_endpoint": ""
              }
            ],
            "timeouts": null,
            "transparent_data_encryption_enabled": true,
            "transparent_data_encryption_key_automatic_rotation_enabled": false,
            "transparent_data_encryption_key_vault_key_id": "",
            "zone_redundant": false
          },
          "sensitive_attributes": [
            [
              {
                "type": "get_attr",
                "value": "threat_detection_policy"
              },
              {
                "type": "index",
                "value": {
                  "value": 0,
                  "type": "number"
                }
              },
              {
                "type": "get_attr",
                "value": "storage_account_access_key"
              }
            ]
          ],
          "identity_schema_version": 0,
          "private": "eyJlMmJmYjczMC1lY2FhLTExZTYtOGY4OC0zNDM2M2JjN2M0YzAiOnsiY3JlYXRlIjozNjAwMDAwMDAwMDAwLCJkZWxldGUiOjM2MDAwMDAwMDAwMDAsInJlYWQiOjMwMDAwMDAwMDAwMCwidXBkYXRlIjozNjAwMDAwMDAwMDAwfSwic2NoZW1hX3ZlcnNpb24iOiIxIn0=",
          "dependencies": [
            "azurerm_mssql_server.azurems",
            "azurerm_resource_group.azurerg",
            "random_integer.ri"
          ]
        }
      ]
    },
    {
      "mode": "managed",
      "type": "azurerm_mssql_firewall_rule",
      "name": "firewallrule",
      "provider": "provider[\"registry.terraform.io/hashicorp/azurerm\"]",
      "instances": [
        {
          "schema_version": 0,
          "attributes": {
            "end_ip_address": "0.0.0.0",
            "id": "/subscriptions/092a8a8e-cac9-46cb-9f98-fdcdab2d54e3/resourceGroups/watchlist-1298/providers/Microsoft.Sql/servers/watchlistserver-1298/firewallRules/FirewallRule1",
            "name": "FirewallRule1",
            "server_id": "/subscriptions/092a8a8e-cac9-46cb-9f98-fdcdab2d54e3/resourceGroups/watchlist-1298/providers/Microsoft.Sql/servers/watchlistserver-1298",
            "start_ip_address": "0.0.0.0",
            "timeouts": null
          },
          "sensitive_attributes": [],
          "identity_schema_version": 0,
          "private": "eyJlMmJmYjczMC1lY2FhLTExZTYtOGY4OC0zNDM2M2JjN2M0YzAiOnsiY3JlYXRlIjoxODAwMDAwMDAwMDAwLCJkZWxldGUiOjE4MDAwMDAwMDAwMDAsInJlYWQiOjMwMDAwMDAwMDAwMCwidXBkYXRlIjoxODAwMDAwMDAwMDAwfX0=",
          "dependencies": [
            "azurerm_mssql_server.azurems",
            "azurerm_resource_group.azurerg",
            "random_integer.ri"
          ]
        }
      ]
    },
    {
      "mode": "managed",
      "type": "azurerm_mssql_server",
      "name": "azurems",
      "provider": "provider[\"registry.terraform.io/hashicorp/azurerm\"]",
      "instances": [
        {
          "schema_version": 0,
          "attributes": {
            "administrator_login": "4dm1n157r470r",
            "administrator_login_password": "4-v3ry-53cr37-p455w0rd",
            "administrator_login_password_wo": null,
            "administrator_login_password_wo_version": 0,
            "azuread_administrator": [],
            "connection_policy": "Default",
            "express_vulnerability_assessment_enabled": false,
            "fully_qualified_domain_name": "watchlistserver-1298.database.windows.net",
            "id": "/subscriptions/092a8a8e-cac9-46cb-9f98-fdcdab2d54e3/resourceGroups/watchlist-1298/providers/Microsoft.Sql/servers/watchlistserver-1298",
            "identity": [],
            "location": "norwayeast",
            "minimum_tls_version": "1.2",
            "name": "watchlistserver-1298",
            "outbound_network_restriction_enabled": false,
            "primary_user_assigned_identity_id": "",
            "public_network_access_enabled": true,
            "resource_group_name": "watchlist-1298",
            "restorable_dropped_database_ids": [],
            "tags": null,
            "timeouts": null,
            "transparent_data_encryption_key_vault_key_id": "",
            "version": "12.0"
          },
          "sensitive_attributes": [
            [
              {
                "type": "get_attr",
                "value": "administrator_login_password"
              }
            ],
            [
              {
                "type": "get_attr",
                "value": "administrator_login_password_wo"
              }
            ]
          ],
          "identity_schema_version": 0,
          "private": "eyJlMmJmYjczMC1lY2FhLTExZTYtOGY4OC0zNDM2M2JjN2M0YzAiOnsiY3JlYXRlIjozNjAwMDAwMDAwMDAwLCJkZWxldGUiOjM2MDAwMDAwMDAwMDAsInJlYWQiOjMwMDAwMDAwMDAwMCwidXBkYXRlIjozNjAwMDAwMDAwMDAwfX0=",
          "dependencies": [
            "azurerm_resource_group.azurerg",
            "random_integer.ri"
          ]
        }
      ]
    },
    {
      "mode": "managed",
      "type": "azurerm_resource_group",
      "name": "azurerg",
      "provider": "provider[\"registry.terraform.io/hashicorp/azurerm\"]",
      "instances": [
        {
          "schema_version": 0,
          "attributes": {
            "id": "/subscriptions/092a8a8e-cac9-46cb-9f98-fdcdab2d54e3/resourceGroups/watchlist-1298",
            "location": "norwayeast",
            "managed_by": "",
            "name": "watchlist-1298",
            "tags": null,
            "timeouts": null
          },
          "sensitive_attributes": [],
          "identity_schema_version": 0,
          "private": "eyJlMmJmYjczMC1lY2FhLTExZTYtOGY4OC0zNDM2M2JjN2M0YzAiOnsiY3JlYXRlIjo1NDAwMDAwMDAwMDAwLCJkZWxldGUiOjU0MDAwMDAwMDAwMDAsInJlYWQiOjMwMDAwMDAwMDAwMCwidXBkYXRlIjo1NDAwMDAwMDAwMDAwfX0=",
          "dependencies": [
            "random_integer.ri"
          ]
        }
      ]
    },
    {
      "mode": "managed",
      "type": "azurerm_service_plan",
      "name": "azuresp",
      "provider": "provider[\"registry.terraform.io/hashicorp/azurerm\"]",
      "instances": [
        {
          "schema_version": 1,
          "attributes": {
            "app_service_environment_id": "",
            "id": "/subscriptions/092a8a8e-cac9-46cb-9f98-fdcdab2d54e3/resourceGroups/watchlist-1298/providers/Microsoft.Web/serverFarms/watchlistplan-student1",
            "kind": "linux",
            "location": "norwayeast",
            "maximum_elastic_worker_count": 1,
            "name": "watchlistplan-student1",
            "os_type": "Linux",
            "per_site_scaling_enabled": false,
            "premium_plan_auto_scale_enabled": false,
            "reserved": true,
            "resource_group_name": "watchlist-1298",
            "sku_name": "F1",
            "tags": null,
            "timeouts": null,
            "worker_count": 1,
            "zone_balancing_enabled": false
          },
          "sensitive_attributes": [],
          "identity_schema_version": 0,
          "private": "eyJlMmJmYjczMC1lY2FhLTExZTYtOGY4OC0zNDM2M2JjN2M0YzAiOnsiY3JlYXRlIjozNjAwMDAwMDAwMDAwLCJkZWxldGUiOjM2MDAwMDAwMDAwMDAsInJlYWQiOjMwMDAwMDAwMDAwMCwidXBkYXRlIjozNjAwMDAwMDAwMDAwfSwic2NoZW1hX3ZlcnNpb24iOiIxIn0=",
          "dependencies": [
            "azurerm_resource_group.azurerg",
            "random_integer.ri"
          ]
        }
      ]
    },
    {
      "mode": "managed",
      "type": "random_integer",
      "name": "ri",
      "provider": "provider[\"registry.terraform.io/hashicorp/random\"]",
      "instances": [
        {
          "schema_version": 0,
          "attributes": {
            "id": "1298",
            "keepers": null,
            "max": 50000,
            "min": 1,
            "result": 1298,
            "seed": null
          },
          "sensitive_attributes": [],
          "identity_schema_version": 0
        }
      ]
    }
  ],
  "check_results": null
}
